
Microsoft Visual Studio Solution File, Format Version 12.00
# Visual Studio Version 17
VisualStudioVersion = 17.13.35825.156 d17.13
MinimumVisualStudioVersion = 10.0.40219.1
Project("{FAE04EC0-301F-11D3-BF4B-00C04F79EFBC}") = "CompanyNew", "CompanyNew\CompanyNew.csproj", "{D1F756A3-0675-4026-B95F-6963CF91942B}"
EndProject
Global
	GlobalSection(SolutionConfigurationPlatforms) = preSolution
		Debug|Any CPU = Debug|Any CPU
		Release|Any CPU = Release|Any CPU
	EndGlobalSection
	GlobalSection(ProjectConfigurationPlatforms) = postSolution
		{D1F756A3-0675-4026-B95F-6963CF91942B}.Debug|Any CPU.ActiveCfg = Debug|Any CPU
		{D1F756A3-0675-4026-B95F-6963CF91942B}.Debug|Any CPU.Build.0 = Debug|Any CPU
		{D1F756A3-0675-4026-B95F-6963CF91942B}.Release|Any CPU.ActiveCfg = Release|Any CPU
		{D1F756A3-0675-4026-B95F-6963CF91942B}.Release|Any CPU.Build.0 = Release|Any CPU
	EndGlobalSection
	GlobalSection(SolutionProperties) = preSolution
		HideSolutionNode = FALSE
	EndGlobalSection
	GlobalSection(ExtensibilityGlobals) = postSolution
		SolutionGuid = {952E3ECA-D96B-4E6B-9D4C-88C896A10BF5}
	EndGlobalSection
EndGlobal
